
Microsoft Visual Studio Solution File, Format Version 12.00
# Visual Studio Version 17
VisualStudioVersion = 17.2.32602.215
MinimumVisualStudioVersion = 10.0.40219.1
Project("{FAE04EC0-301F-11D3-BF4B-00C04F79EFBC}") = "NotificationService.Api", "src\NotificationService.Api\NotificationService.Api.csproj", "{B7F51A95-76E6-446E-B6B0-2409AAFD67D9}"
EndProject
Global
	GlobalSection(SolutionConfigurationPlatforms) = preSolution
		Debug|Any CPU = Debug|Any CPU
		Release|Any CPU = Release|Any CPU
	EndGlobalSection
	GlobalSection(ProjectConfigurationPlatforms) = postSolution
		{B7F51A95-76E6-446E-B6B0-2409AAFD67D9}.Debug|Any CPU.ActiveCfg = Debug|Any CPU
		{B7F51A95-76E6-446E-B6B0-2409AAFD67D9}.Debug|Any CPU.Build.0 = Debug|Any CPU
		{B7F51A95-76E6-446E-B6B0-2409AAFD67D9}.Release|Any CPU.ActiveCfg = Release|Any CPU
		{B7F51A95-76E6-446E-B6B0-2409AAFD67D9}.Release|Any CPU.Build.0 = Release|Any CPU
	EndGlobalSection
	GlobalSection(SolutionProperties) = preSolution
		HideSolutionNode = FALSE
	EndGlobalSection
	GlobalSection(ExtensibilityGlobals) = postSolution
		SolutionGuid = {5601D033-1E4E-4EEC-B471-7FC05450AE71}
	EndGlobalSection
EndGlobal
